compute-credit-bins:
  cmd: python scripts/compute_credit_bins.py --train-data-path data/processed/cleaned_train_data.json
    --output-path data/processed/optimal_credit_bins.json
  deps:
  - path: data/processed/cleaned_train_data.json
    md5: c6b22922ea499ac5ca97c57602694c45
    size: 9812841
  outs:
  - path: data/processed/optimal_credit_bins.json
    md5: b9c23dc2b9b202e57e0beb8743b06e1c
normalize-and-clean-data:
  cmd: python scripts/normalize_and_clean_data.py --train-data-path data/raw/train2.tsv
    --val-data-path data/raw/val2.tsv --test-data-path data/raw/test2.tsv --output-dir
    data/processed
  deps:
  - path: data/raw/test2.tsv
    md5: ae9948a7cefd4b95d0d71bf3886fe088
    size: 869870
  - path: data/raw/train2.tsv
    md5: c1ccaed68a0a7adf175ce6954718cdc5
    size: 6969625
  - path: data/raw/val2.tsv
    md5: 9ca5a3da8145dbc0f2c3e6b176639610
    size: 863858
  - path: scripts/normalize_and_clean_data.py
    md5: 75c6906f461317b3b7df07ef4951e183
    size: 1873
  outs:
  - path: data/processed/cleaned_test_data.json
    md5: aab533912d8d90b3b0db2c0aae63d370
    size: 1237984
  - path: data/processed/cleaned_train_data.json
    md5: c6b22922ea499ac5ca97c57602694c45
    size: 9812841
  - path: data/processed/cleaned_val_data.json
    md5: 13fdb7e089cd6268ff91ede65dd226f0
    size: 1232040
train-random-forest:
  cmd: python fake_news/train.py --config-file config/random_forest.json
  deps:
  - path: config/random_forest.json
    md5: 8e64c298aaa56a10254aa8b4243acbee
    size: 579
  - path: data/processed/cleaned_test_data.json
    md5: aab533912d8d90b3b0db2c0aae63d370
    size: 1237984
  - path: data/processed/cleaned_train_data.json
    md5: c6b22922ea499ac5ca97c57602694c45
    size: 9812841
  - path: data/processed/cleaned_val_data.json
    md5: 13fdb7e089cd6268ff91ede65dd226f0
    size: 1232040
  - path: data/processed/optimal_credit_bins.json
    md5: b9c23dc2b9b202e57e0beb8743b06e1c
    size: 507
  - path: fake_news/train.py
    md5: 4dfd7354e6cb72be66c4158bc193351c
    size: 8622
  outs:
  - path: data/processed/test_features.pkl
    md5: 5c9d13a1c0f9e62aaa22e2ff29443b67
    size: 382230
  - path: data/processed/train_features.pkl
    md5: bf7299a21788d7363dec7408daf1dc1a
    size: 3149348
  - path: data/processed/val_features.pkl
    md5: b7cf33e32d661dad8e8171c5602ce6d1
    size: 382355
  - path: model_checkpoints/random_forest
    md5: ec91f888fb8577ac5f5b09480e8d395a.dir
    size: 50552390
    nfiles: 3
train-roberta:
  cmd: python fake_news/train_transformer.py --config-file config/roberta.json
  deps:
  - path: config/roberta.json
    md5: 7c8b702d71477e40e00f7e464593ba56
    size: 744
  - path: data/processed/cleaned_test_data.json
    md5: aab533912d8d90b3b0db2c0aae63d370
    size: 1237984
  - path: data/processed/cleaned_train_data.json
    md5: c6b22922ea499ac5ca97c57602694c45
    size: 9812841
  - path: data/processed/cleaned_val_data.json
    md5: 13fdb7e089cd6268ff91ede65dd226f0
    size: 1232040
  - path: fake_news/train_transformer.py
    md5: 6802603e6e4a8da914dbec3e059d48e2
    size: 6130
  outs:
  - path: data/processed/test_roberta_features.pkl
    md5: ab8d4a8c8aa6d3649aba883a399a7713
    size: 2860371
  - path: data/processed/train_roberta_features.pkl
    md5: d422725b82e869f42e6cee2a31acf594
    size: 22888470
  - path: data/processed/val_roberta_features.pkl
    md5: 7b9c69177b9d37efe5da20a0a4c3a6bc
    size: 2862600
  - path: model_checkpoints/roberta
    md5: 794d0f116cf1a32d8225643b32b6d4ba.dir
    size: 1002561986
    nfiles: 17
